
Microsoft Visual Studio Solution File, Format Version 12.00
# Visual Studio Version 17
VisualStudioVersion = 17.4.33205.214
MinimumVisualStudioVersion = 10.0.40219.1
Project("{FAE04EC0-301F-11D3-BF4B-00C04F79EFBC}") = "WebMVC", "WebMVC\WebMVC.csproj", "{769F6A27-A8C3-46E3-A921-A47968328903}"
EndProject
Global
	GlobalSection(SolutionConfigurationPlatforms) = preSolution
		Debug|Any CPU = Debug|Any CPU
		Release|Any CPU = Release|Any CPU
	EndGlobalSection
	GlobalSection(ProjectConfigurationPlatforms) = postSolution
		{769F6A27-A8C3-46E3-A921-A47968328903}.Debug|Any CPU.ActiveCfg = Debug|Any CPU
		{769F6A27-A8C3-46E3-A921-A47968328903}.Debug|Any CPU.Build.0 = Debug|Any CPU
		{769F6A27-A8C3-46E3-A921-A47968328903}.Release|Any CPU.ActiveCfg = Release|Any CPU
		{769F6A27-A8C3-46E3-A921-A47968328903}.Release|Any CPU.Build.0 = Release|Any CPU
	EndGlobalSection
	GlobalSection(SolutionProperties) = preSolution
		HideSolutionNode = FALSE
	EndGlobalSection
	GlobalSection(ExtensibilityGlobals) = postSolution
		SolutionGuid = {D1E33B9A-3344-4A1C-A476-89016D3BF42F}
	EndGlobalSection
EndGlobal
